
Microsoft Visual Studio Solution File, Format Version 12.00
# Visual Studio Version 16
VisualStudioVersion = 16.0.31702.278
MinimumVisualStudioVersion = 10.0.40219.1
Project("{FAE04EC0-301F-11D3-BF4B-00C04F79EFBC}") = "CryptoWorldReview", "CryptoWorldReview\CryptoWorldReview.csproj", "{C35F4DB6-ED9A-409F-A37F-279AC7D194A7}"
EndProject
Global
	GlobalSection(SolutionConfigurationPlatforms) = preSolution
		Debug|Any CPU = Debug|Any CPU
		Release|Any CPU = Release|Any CPU
	EndGlobalSection
	GlobalSection(ProjectConfigurationPlatforms) = postSolution
		{C35F4DB6-ED9A-409F-A37F-279AC7D194A7}.Debug|Any CPU.ActiveCfg = Debug|Any CPU
		{C35F4DB6-ED9A-409F-A37F-279AC7D194A7}.Debug|Any CPU.Build.0 = Debug|Any CPU
		{C35F4DB6-ED9A-409F-A37F-279AC7D194A7}.Release|Any CPU.ActiveCfg = Release|Any CPU
		{C35F4DB6-ED9A-409F-A37F-279AC7D194A7}.Release|Any CPU.Build.0 = Release|Any CPU
	EndGlobalSection
	GlobalSection(SolutionProperties) = preSolution
		HideSolutionNode = FALSE
	EndGlobalSection
	GlobalSection(ExtensibilityGlobals) = postSolution
		SolutionGuid = {619C9F5F-0C2F-4118-A3DB-AD414D3D2B34}
	EndGlobalSection
EndGlobal
